
Microsoft Visual Studio Solution File, Format Version 12.00
# Visual Studio 2012
Project("{FAE04EC0-301F-11D3-BF4B-00C04F79EFBC}") = "SecretMessage.Apple", "SecretMessage.Apple\SecretMessage.Apple.csproj", "{8DFA5406-AD6A-43E0-888C-A41893E1FA27}"
EndProject
Global
	GlobalSection(SolutionConfigurationPlatforms) = preSolution
		Debug|iPhoneSimulator = Debug|iPhoneSimulator
		Release|iPhoneSimulator = Release|iPhoneSimulator
		Debug|iPhone = Debug|iPhone
		Release|iPhone = Release|iPhone
		Ad-Hoc|iPhone = Ad-Hoc|iPhone
		AppStore|iPhone = AppStore|iPhone
	EndGlobalSection
	GlobalSection(ProjectConfigurationPlatforms) = postSolution
		{8DFA5406-AD6A-43E0-888C-A41893E1FA27}.Ad-Hoc|iPhone.ActiveCfg = Ad-Hoc|iPhone
		{8DFA5406-AD6A-43E0-888C-A41893E1FA27}.Ad-Hoc|iPhone.Build.0 = Ad-Hoc|iPhone
		{8DFA5406-AD6A-43E0-888C-A41893E1FA27}.AppStore|iPhone.ActiveCfg = AppStore|iPhone
		{8DFA5406-AD6A-43E0-888C-A41893E1FA27}.AppStore|iPhone.Build.0 = AppStore|iPhone
		{8DFA5406-AD6A-43E0-888C-A41893E1FA27}.Debug|iPhone.ActiveCfg = Debug|iPhone
		{8DFA5406-AD6A-43E0-888C-A41893E1FA27}.Debug|iPhone.Build.0 = Debug|iPhone
		{8DFA5406-AD6A-43E0-888C-A41893E1FA27}.Debug|iPhoneSimulator.ActiveCfg = Debug|iPhoneSimulator
		{8DFA5406-AD6A-43E0-888C-A41893E1FA27}.Debug|iPhoneSimulator.Build.0 = Debug|iPhoneSimulator
		{8DFA5406-AD6A-43E0-888C-A41893E1FA27}.Release|iPhone.ActiveCfg = Release|iPhone
		{8DFA5406-AD6A-43E0-888C-A41893E1FA27}.Release|iPhone.Build.0 = Release|iPhone
		{8DFA5406-AD6A-43E0-888C-A41893E1FA27}.Release|iPhoneSimulator.ActiveCfg = Release|iPhoneSimulator
		{8DFA5406-AD6A-43E0-888C-A41893E1FA27}.Release|iPhoneSimulator.Build.0 = Release|iPhoneSimulator
	EndGlobalSection
	GlobalSection(MonoDevelopProperties) = preSolution
		StartupItem = SecretMessage.Apple\SecretMessage.Apple.csproj
	EndGlobalSection
EndGlobal
