
Microsoft Visual Studio Solution File, Format Version 12.00
# Visual Studio 2012
Project("{FAE04EC0-301F-11D3-BF4B-00C04F79EFBC}") = "SecretMessage.Apple", "SecretMessage.Apple\SecretMessage.Apple.csproj", "{8DFA5406-AD6A-43E0-888C-A41893E1FA27}"
EndProject
Project("{2150E333-8FDC-42A3-9474-1A3956D46DE8}") = "Solution Items", "Solution Items", "{23F88EA8-9633-4396-82EC-40A6730B1E7C}"
	ProjectSection(SolutionItems) = preProject
		build.fsx = build.fsx
		build.sh = build.sh
		build-helpers.fsx = build-helpers.fsx
	EndProjectSection
EndProject
Global
	GlobalSection(SolutionConfigurationPlatforms) = preSolution
		Debug|iPhoneSimulator = Debug|iPhoneSimulator
		Release|iPhoneSimulator = Release|iPhoneSimulator
		Debug|iPhone = Debug|iPhone
		Release|iPhone = Release|iPhone
		Ad-Hoc|iPhone = Ad-Hoc|iPhone
		AppStore|iPhone = AppStore|iPhone
	EndGlobalSection
	GlobalSection(ProjectConfigurationPlatforms) = postSolution
		{8DFA5406-AD6A-43E0-888C-A41893E1FA27}.Ad-Hoc|iPhone.ActiveCfg = Ad-Hoc|iPhone
		{8DFA5406-AD6A-43E0-888C-A41893E1FA27}.Ad-Hoc|iPhone.Build.0 = Ad-Hoc|iPhone
		{8DFA5406-AD6A-43E0-888C-A41893E1FA27}.AppStore|iPhone.ActiveCfg = AppStore|iPhone
		{8DFA5406-AD6A-43E0-888C-A41893E1FA27}.AppStore|iPhone.Build.0 = AppStore|iPhone
		{8DFA5406-AD6A-43E0-888C-A41893E1FA27}.Debug|iPhone.ActiveCfg = Debug|iPhone
		{8DFA5406-AD6A-43E0-888C-A41893E1FA27}.Debug|iPhone.Build.0 = Debug|iPhone
		{8DFA5406-AD6A-43E0-888C-A41893E1FA27}.Debug|iPhoneSimulator.ActiveCfg = Debug|iPhoneSimulator
		{8DFA5406-AD6A-43E0-888C-A41893E1FA27}.Debug|iPhoneSimulator.Build.0 = Debug|iPhoneSimulator
		{8DFA5406-AD6A-43E0-888C-A41893E1FA27}.Release|iPhone.ActiveCfg = Release|iPhone
		{8DFA5406-AD6A-43E0-888C-A41893E1FA27}.Release|iPhone.Build.0 = Release|iPhone
		{8DFA5406-AD6A-43E0-888C-A41893E1FA27}.Release|iPhoneSimulator.ActiveCfg = Release|iPhoneSimulator
		{8DFA5406-AD6A-43E0-888C-A41893E1FA27}.Release|iPhoneSimulator.Build.0 = Release|iPhoneSimulator
	EndGlobalSection
	GlobalSection(NestedProjects) = preSolution
	EndGlobalSection
EndGlobal
